
Microsoft Visual Studio Solution File, Format Version 12.00
# Visual Studio Version 17
VisualStudioVersion = 17.12.35728.132 d17.12
MinimumVisualStudioVersion = 10.0.40219.1
Project("{FAE04EC0-301F-11D3-BF4B-00C04F79EFBC}") = "API", "API\API.csproj", "{DD76BEED-E310-4A02-9FBA-395AE97FDDF6}"
EndProject
Project("{FAE04EC0-301F-11D3-BF4B-00C04F79EFBC}") = "Core", "Core\Core.csproj", "{B99C7085-10A3-45B3-8BC8-9F01AE3F40B0}"
EndProject
Project("{FAE04EC0-301F-11D3-BF4B-00C04F79EFBC}") = "Infrastructure", "Infrastructure\Infrastructure.csproj", "{263A89F1-4F42-4D7A-9F54-CF2B253101E8}"
EndProject
Global
	GlobalSection(SolutionConfigurationPlatforms) = preSolution
		Debug|Any CPU = Debug|Any CPU
		Release|Any CPU = Release|Any CPU
	EndGlobalSection
	GlobalSection(ProjectConfigurationPlatforms) = postSolution
		{DD76BEED-E310-4A02-9FBA-395AE97FDDF6}.Debug|Any CPU.ActiveCfg = Debug|Any CPU
		{DD76BEED-E310-4A02-9FBA-395AE97FDDF6}.Debug|Any CPU.Build.0 = Debug|Any CPU
		{DD76BEED-E310-4A02-9FBA-395AE97FDDF6}.Release|Any CPU.ActiveCfg = Release|Any CPU
		{DD76BEED-E310-4A02-9FBA-395AE97FDDF6}.Release|Any CPU.Build.0 = Release|Any CPU
		{B99C7085-10A3-45B3-8BC8-9F01AE3F40B0}.Debug|Any CPU.ActiveCfg = Debug|Any CPU
		{B99C7085-10A3-45B3-8BC8-9F01AE3F40B0}.Debug|Any CPU.Build.0 = Debug|Any CPU
		{B99C7085-10A3-45B3-8BC8-9F01AE3F40B0}.Release|Any CPU.ActiveCfg = Release|Any CPU
		{B99C7085-10A3-45B3-8BC8-9F01AE3F40B0}.Release|Any CPU.Build.0 = Release|Any CPU
		{263A89F1-4F42-4D7A-9F54-CF2B253101E8}.Debug|Any CPU.ActiveCfg = Debug|Any CPU
		{263A89F1-4F42-4D7A-9F54-CF2B253101E8}.Debug|Any CPU.Build.0 = Debug|Any CPU
		{263A89F1-4F42-4D7A-9F54-CF2B253101E8}.Release|Any CPU.ActiveCfg = Release|Any CPU
		{263A89F1-4F42-4D7A-9F54-CF2B253101E8}.Release|Any CPU.Build.0 = Release|Any CPU
	EndGlobalSection
	GlobalSection(SolutionProperties) = preSolution
		HideSolutionNode = FALSE
	EndGlobalSection
EndGlobal
